{
    "_meta": {
        "hash": {
            "sha256": "4b89d22ebb198e42003f4218ad0fd579cbfa1123ca6ab7b4c2a6797a87734b42"
        },
        "host-environment-markers": {
            "implementation_name": "cpython",
            "implementation_version": "3.6.2",
            "os_name": "posix",
            "platform_machine": "x86_64",
            "platform_python_implementation": "CPython",
            "platform_release": "16.7.0",
            "platform_system": "Darwin",
            "platform_version": "Darwin Kernel Version 16.7.0: Thu Jun 15 17:36:27 PDT 2017; root:xnu-3789.70.16~2/RELEASE_X86_64",
            "python_full_version": "3.6.2",
            "python_version": "3.6",
            "sys_platform": "darwin"
        },
        "pipfile-spec": 6,
        "requires": {},
        "sources": [
            {
                "url": "https://pypi.python.org/simple",
                "verify_ssl": true
            }
        ]
    },
    "default": {
        "certifi": {
            "hashes": [
                "sha256:54a07c09c586b0e4c619f02a5e94e36619da8e2b053e20f594348c0611803704",
                "sha256:40523d2efb60523e113b44602298f0960e900388cf3bb6043f645cf57ea9e3f5"
            ],
            "version": "==2017.7.27.1"
        },
        "chardet": {
            "hashes": [
                "sha256:fc323ffcaeaed0e0a02bf4d117757b98aed530d9ed4531e3e15460124c106691",
                "sha256:84ab92ed1c4d4f16916e05906b6b75a6c0fb5db821cc65e70cbd64a3e2a5eaae"
            ],
            "version": "==3.0.4"
        },
        "idna": {
            "hashes": [
                "sha256:8c7309c718f94b3a625cb648ace320157ad16ff131ae0af362c9f21b80ef6ec4",
                "sha256:2c6a5de3089009e3da7c5dde64a141dbc8551d5b7f6cf4ed7c2568d0cc520a8f"
            ],
            "version": "==2.6"
        },
        "requests": {
            "hashes": [
                "sha256:6a1b267aa90cac58ac3a765d067950e7dbbf75b1da07e895d1f594193a40a38b",
                "sha256:9c443e7324ba5b85070c4a818ade28bfabedf16ea10206da1132edaa6dda237e"
            ],
            "version": "==2.18.4"
        },
        "urllib3": {
            "hashes": [
                "sha256:06330f386d6e4b195fbfc736b297f58c5a892e4440e54d294d7004e3a9bbea1b",
                "sha256:cc44da8e1145637334317feebd728bd869a35285b93cbb4cca2577da7e62db4f"
            ],
            "version": "==1.22"
        },
        "xmltodict": {
            "hashes": [
                "sha256:add07d92089ff611badec526912747cf87afd4f9447af6661aca074eeaf32615",
                "sha256:8f8d7d40aa28d83f4109a7e8aa86e67a4df202d9538be40c0cb1d70da527b0df"
            ],
            "version": "==0.11.0"
        }
    },
    "develop": {
        "multidict": {
            "hashes": [
                "sha256:82501e91b8143d48f905b3286ad0ed1bdab7c0f3484295e52dba19ff08d91026",
                "sha256:d13a9d9ddebdc2f6d93c0c43c39dd071fe9af13fc4f3977f2e380d9c478d74a7",
                "sha256:0bf9e3ce1ea6ebd53b47e09c451780638cb52856fe884720cd1ae4b433f8a2cb",
                "sha256:9b185a57d9fa3d242c1e0618becb8aa1c46d2129a9f490a8a9bc1df120ad8aee",
                "sha256:57e836b2683b9ed507660c0ce6af41a59d8de0047d2665d898a3d88c6e487017",
                "sha256:adaa408db42e55fb48afff452d7af9f285a641a88e138bb3e03b29102983e8f1",
                "sha256:0328c66f3bf2b389b8e002d63ea6eba74f86bedb0e630a93a2b9e6dce1787b60",
                "sha256:56c145971e374642b7bba4714040d8fded0d7d018a698e7be79c789f9de705f7",
                "sha256:68afb2e8dafdc8b687af9e38e77192d2a4888a3cb110659ff5a7cfc96be5ddec",
                "sha256:ca1f02baba1ce89eda8bc5a9208c58510586d0608cc0f355b153b514ec888599",
                "sha256:7a1ff7659b1f198b61a4033bb253a6a36c846d7f1d9a0052b4881f27f5be7d6d",
                "sha256:89de0034ab008d5e81ec3ec58fb31a8c751908d73e3d9650e0044da836a3f280",
                "sha256:e27a7a95317371c15ecda7206f6e8c144f10a337bb2c3e61b5176deafbb88cb2"
            ],
            "version": "==3.2.0"
        },
        "py": {
            "hashes": [
                "sha256:2ccb79b01769d99115aa600d7eed99f524bf752bba8f041dc1c184853514655a",
                "sha256:0f2d585d22050e90c7d293b6451c83db097df77871974d90efd5a30dc12fcde3"
            ],
            "version": "==1.4.34"
        },
        "pytest": {
            "hashes": [
                "sha256:81a25f36a97da3313e1125fce9e7bbbba565bc7fec3c5beb14c262ddab238ac1",
                "sha256:27fa6617efc2869d3e969a3e75ec060375bfb28831ade8b5cdd68da3a741dc3c"
            ],
            "version": "==3.2.3"
        },
        "pytest-mock": {
            "hashes": [
                "sha256:7ed6e7e8c636fd320927c5d73aedb77ac2eeb37196c3410e6176b7c92fdf2f69",
                "sha256:920d1167af5c2c2ad3fa0717d0c6c52e97e97810160c15721ac895cac53abb1c"
            ],
            "version": "==1.6.3"
        },
        "pyyaml": {
            "hashes": [
                "sha256:3262c96a1ca437e7e4763e2843746588a965426550f3797a79fca9c6199c431f",
                "sha256:16b20e970597e051997d90dc2cddc713a2876c47e3d92d59ee198700c5427736",
                "sha256:e863072cdf4c72eebf179342c94e6989c67185842d9997960b3e69290b2fa269",
                "sha256:bc6bced57f826ca7cb5125a10b23fd0f2fff3b7c4701d64c439a300ce665fff8",
                "sha256:c01b880ec30b5a6e6aa67b09a2fe3fb30473008c85cd6a67359a1b15ed6d83a4",
                "sha256:827dc04b8fa7d07c44de11fabbc888e627fa8293b695e0f99cb544fdfa1bf0d1",
                "sha256:592766c6303207a20efc445587778322d7f73b161bd994f227adaa341ba212ab",
                "sha256:5f84523c076ad14ff5e6c037fe1c89a7f73a3e04cf0377cb4d017014976433f3",
                "sha256:0c507b7f74b3d2dd4d1322ec8a94794927305ab4cebbe89cc47fe5e81541e6e8",
                "sha256:b4c423ab23291d3945ac61346feeb9a0dc4184999ede5e7c43e1ffb975130ae6",
                "sha256:ca233c64c6e40eaa6c66ef97058cdc80e8d0157a443655baa1b2966e812807ca",
                "sha256:4474f8ea030b5127225b8894d626bb66c01cda098d47a2b0d3429b6700af9fd8",
                "sha256:326420cbb492172dec84b0f65c80942de6cedb5233c413dd824483989c000608",
                "sha256:5ac82e411044fb129bae5cfbeb3ba626acb2af31a8d17d175004b70862a741a7"
            ],
            "version": "==3.12"
        },
        "six": {
            "hashes": [
                "sha256:832dc0e10feb1aa2c68dcc57dbb658f1c7e65b9b61af69048abc87a2db00a0eb",
                "sha256:70e8a77beed4562e7f14fe23a786b54f6296e34344c23bc42f07b15018ff98e9"
            ],
            "version": "==1.11.0"
        },
        "vcrpy": {
            "hashes": [
                "sha256:b4041abd66e13ef52e498b98ce24f55bcba61cee2fa58569b78889f2c7ba24bb",
                "sha256:f434fe7e05d940d576ac850709ae57a738ba40e7f317076ea8d359ced5b32320"
            ],
            "version": "==1.11.1"
        },
        "wrapt": {
            "hashes": [
                "sha256:d4d560d479f2c21e1b5443bbd15fe7ec4b37fe7e53d335d3b9b0a7b1226fe3c6"
            ],
            "version": "==1.10.11"
        },
        "yarl": {
            "hashes": [
                "sha256:8b6a495e754269ba3817957dfe713532b7d5485cbcf3fce3e8624832f1156e3c",
                "sha256:14ff708e9813b961d5c0b9a30ae8323591deffca0ef4fa93fbaba94ec44f3560",
                "sha256:8756000c3ccf91acf9557401892864d2c869c0ae7c62e5d4fc3dd20ed5e8a3a7",
                "sha256:728b9b26d5927fd35b102c62c476bace5c5e0fb1275e7d4bb169d50720b1d687",
                "sha256:3a68281e8031b9eae9a1c186eff725ed31a66d4dbfd4dc7c0ceb1a15d4a0b09f",
                "sha256:dfacdfd8b350a10d66d2af0ef59fa56564cc03bcdcdd93a1aa6e65e9306f5882",
                "sha256:42d329be7cafa9210c17349fd2db90b967b76fc6fd411f9abaf450a9e7f7e2e4",
                "sha256:8d4a3ad001747e1225af47d46da935e507e7fe5e315bb4dbd235d5460b722488",
                "sha256:4dcf2e89e65745c4ae597a724a612dbdb2f38e92c0a5f145c9ec1701d4ddf384",
                "sha256:44e4ce0f59abbf7745ee450c3c4aa261a4deef83c7e1a3624dcc9db094d630e5",
                "sha256:626113e8649ff2e205ea49432c4c94f730326852905ba411fb82006e443f3231",
                "sha256:bfb4256496da1b1475a72e669464db539eca7b0fc3bddd231a64cf8afadb7efb",
                "sha256:25fe681a982f2cec567df8abac7cbd2ac27016e4aec89193945cab0643bfdb42"
            ],
            "markers": "python_version in '3.4, 3.5, 3.6'",
            "version": "==0.13.0"
        }
    }
}
